# generated by rye
# use `rye lock` or `rye sync` to update this lockfile
#
# last locked with the following flags:
#   pre: false
#   features: []
#   all-features: false
#   with-sources: false
#   generate-hashes: false

-e file:.
anyio==4.2.0
    # via httpx
    # via starlette
asgiref==3.7.2
    # via daphne
attrs==23.2.0
    # via automat
    # via service-identity
    # via twisted
autobahn==23.1.2
    # via daphne
automat==22.10.0
    # via twisted
black==23.12.1
brotli==1.1.0
    # via brotli-asgi
brotli-asgi==1.4.0
certifi==2023.11.17
    # via httpcore
    # via httpx
cffi==1.16.0
    # via cryptography
click==8.1.7
    # via black
    # via uvicorn
colorama==0.4.6
    # via click
constantly==23.10.4
    # via twisted
cryptography==41.0.7
    # via autobahn
    # via pyopenssl
    # via service-identity
daphne==4.0.0
grpcio==1.60.0
    # via grpcio-tools
grpcio-tools==1.60.0
h11==0.14.0
    # via httpcore
    # via hypercorn
    # via uvicorn
    # via wsproto
h2==4.1.0
    # via hypercorn
hpack==4.0.0
    # via h2
httpcore==1.0.2
    # via httpx
httpx==0.26.0
    # via connecpy
hypercorn==0.16.0
hyperframe==6.0.1
    # via h2
hyperlink==21.0.0
    # via autobahn
    # via twisted
idna==3.6
    # via anyio
    # via httpx
    # via hyperlink
    # via twisted
incremental==22.10.0
    # via twisted
mypy-extensions==1.0.0
    # via black
packaging==23.2
    # via black
pathspec==0.12.1
    # via black
pip==24.0
platformdirs==4.1.0
    # via black
priority==2.0.0
    # via hypercorn
protobuf==4.25.1
    # via connecpy
    # via grpcio-tools
pyasn1==0.5.1
    # via pyasn1-modules
    # via service-identity
pyasn1-modules==0.3.0
    # via service-identity
pycparser==2.21
    # via cffi
pyopenssl==23.3.0
    # via twisted
service-identity==23.1.0
    # via twisted
setuptools==69.0.3
    # via autobahn
    # via grpcio-tools
    # via zope-interface
six==1.16.0
    # via automat
sniffio==1.3.0
    # via anyio
    # via httpx
starlette==0.34.0
    # via brotli-asgi
    # via connecpy
twisted==23.10.0
    # via daphne
twisted-iocpsupport==1.0.4
    # via twisted
txaio==23.1.1
    # via autobahn
typing-extensions==4.9.0
    # via twisted
uvicorn==0.25.0
wsproto==1.2.0
    # via hypercorn
zope-interface==6.1
    # via twisted
